
Microsoft Visual Studio Solution File, Format Version 11.00
# Visual Studio 2010
Project("{FAE04EC0-301F-11D3-BF4B-00C04F79EFBC}") = "Assembly-CSharp", "Assembly-CSharp.csproj", "{ea9e425b-c80f-c19c-a70c-bb2b1fbdbd2a}"
EndProject
Project("{FAE04EC0-301F-11D3-BF4B-00C04F79EFBC}") = "Assembly-CSharp-firstpass", "Assembly-CSharp-firstpass.csproj", "{59d67296-0ac6-8f2e-ef01-cbee25bd3b82}"
EndProject
Global
	GlobalSection(SolutionConfigurationPlatforms) = preSolution
		Debug|Any CPU = Debug|Any CPU
		Release|Any CPU = Release|Any CPU
	EndGlobalSection
	GlobalSection(ProjectConfigurationPlatforms) = postSolution
		{ea9e425b-c80f-c19c-a70c-bb2b1fbdbd2a}.Debug|Any CPU.ActiveCfg = Debug|Any CPU
		{ea9e425b-c80f-c19c-a70c-bb2b1fbdbd2a}.Debug|Any CPU.Build.0 = Debug|Any CPU
		{ea9e425b-c80f-c19c-a70c-bb2b1fbdbd2a}.Release|Any CPU.ActiveCfg = Release|Any CPU
		{ea9e425b-c80f-c19c-a70c-bb2b1fbdbd2a}.Release|Any CPU.Build.0 = Release|Any CPU
		{59d67296-0ac6-8f2e-ef01-cbee25bd3b82}.Debug|Any CPU.ActiveCfg = Debug|Any CPU
		{59d67296-0ac6-8f2e-ef01-cbee25bd3b82}.Debug|Any CPU.Build.0 = Debug|Any CPU
		{59d67296-0ac6-8f2e-ef01-cbee25bd3b82}.Release|Any CPU.ActiveCfg = Release|Any CPU
		{59d67296-0ac6-8f2e-ef01-cbee25bd3b82}.Release|Any CPU.Build.0 = Release|Any CPU
	EndGlobalSection
	GlobalSection(SolutionProperties) = preSolution
		HideSolutionNode = FALSE
	EndGlobalSection
EndGlobal
